
Microsoft Visual Studio Solution File, Format Version 12.00
# Visual Studio Version 17
VisualStudioVersion = 17.2.32516.85
MinimumVisualStudioVersion = 10.0.40219.1
Project("{9A19103F-16F7-4668-BE54-9A1E7A4F7556}") = "CleanArch.Domain", "CleanArch.Domain\CleanArch.Domain.csproj", "{D27ED257-E313-4DA6-B63B-D93331CFF8F9}"
EndProject
Project("{9A19103F-16F7-4668-BE54-9A1E7A4F7556}") = "CleanArch.Application", "CleanArch.Application\CleanArch.Application.csproj", "{341CED9F-30FF-4990-964E-F348F4563D04}"
EndProject
Project("{9A19103F-16F7-4668-BE54-9A1E7A4F7556}") = "CleanArch.Infra.Data", "CleanArch.Infra.Data\CleanArch.Infra.Data.csproj", "{26EF661A-AB02-44C3-A582-00D9024074D9}"
EndProject
Project("{9A19103F-16F7-4668-BE54-9A1E7A4F7556}") = "CleanArch.Infra.IOC", "CleanArch.Infra.IOC\CleanArch.Infra.IOC.csproj", "{B5ECA610-B7D4-4A51-AB5A-57FCE8A9C8F0}"
EndProject
Project("{9A19103F-16F7-4668-BE54-9A1E7A4F7556}") = "CleanArch.WebUI", "CleanArch.WebUI\CleanArch.WebUI.csproj", "{7AEEE81C-8E6E-4282-968B-6F690B26A016}"
EndProject
Global
	GlobalSection(SolutionConfigurationPlatforms) = preSolution
		Debug|Any CPU = Debug|Any CPU
		Release|Any CPU = Release|Any CPU
	EndGlobalSection
	GlobalSection(ProjectConfigurationPlatforms) = postSolution
		{D27ED257-E313-4DA6-B63B-D93331CFF8F9}.Debug|Any CPU.ActiveCfg = Debug|Any CPU
		{D27ED257-E313-4DA6-B63B-D93331CFF8F9}.Debug|Any CPU.Build.0 = Debug|Any CPU
		{D27ED257-E313-4DA6-B63B-D93331CFF8F9}.Release|Any CPU.ActiveCfg = Release|Any CPU
		{D27ED257-E313-4DA6-B63B-D93331CFF8F9}.Release|Any CPU.Build.0 = Release|Any CPU
		{341CED9F-30FF-4990-964E-F348F4563D04}.Debug|Any CPU.ActiveCfg = Debug|Any CPU
		{341CED9F-30FF-4990-964E-F348F4563D04}.Debug|Any CPU.Build.0 = Debug|Any CPU
		{341CED9F-30FF-4990-964E-F348F4563D04}.Release|Any CPU.ActiveCfg = Release|Any CPU
		{341CED9F-30FF-4990-964E-F348F4563D04}.Release|Any CPU.Build.0 = Release|Any CPU
		{26EF661A-AB02-44C3-A582-00D9024074D9}.Debug|Any CPU.ActiveCfg = Debug|Any CPU
		{26EF661A-AB02-44C3-A582-00D9024074D9}.Debug|Any CPU.Build.0 = Debug|Any CPU
		{26EF661A-AB02-44C3-A582-00D9024074D9}.Release|Any CPU.ActiveCfg = Release|Any CPU
		{26EF661A-AB02-44C3-A582-00D9024074D9}.Release|Any CPU.Build.0 = Release|Any CPU
		{B5ECA610-B7D4-4A51-AB5A-57FCE8A9C8F0}.Debug|Any CPU.ActiveCfg = Debug|Any CPU
		{B5ECA610-B7D4-4A51-AB5A-57FCE8A9C8F0}.Debug|Any CPU.Build.0 = Debug|Any CPU
		{B5ECA610-B7D4-4A51-AB5A-57FCE8A9C8F0}.Release|Any CPU.ActiveCfg = Release|Any CPU
		{B5ECA610-B7D4-4A51-AB5A-57FCE8A9C8F0}.Release|Any CPU.Build.0 = Release|Any CPU
		{7AEEE81C-8E6E-4282-968B-6F690B26A016}.Debug|Any CPU.ActiveCfg = Debug|Any CPU
		{7AEEE81C-8E6E-4282-968B-6F690B26A016}.Debug|Any CPU.Build.0 = Debug|Any CPU
		{7AEEE81C-8E6E-4282-968B-6F690B26A016}.Release|Any CPU.ActiveCfg = Release|Any CPU
		{7AEEE81C-8E6E-4282-968B-6F690B26A016}.Release|Any CPU.Build.0 = Release|Any CPU
	EndGlobalSection
	GlobalSection(SolutionProperties) = preSolution
		HideSolutionNode = FALSE
	EndGlobalSection
	GlobalSection(ExtensibilityGlobals) = postSolution
		SolutionGuid = {3BCF7E8A-B151-40C2-9EF5-16E698DF900A}
	EndGlobalSection
EndGlobal
